// !$*UTF8*$!
{
	archiveVersion = 1;
	classes = {
	};
	objectVersion = 50;
	objects = {

/* Begin PBXBuildFile section */
		4E62D56F24EC280300F8BAA0 /* YLExtensions.h in Headers */ = {isa = PBXBuildFile; fileRef = 4E62D56D24EC280300F8BAA0 /* YLExtensions.h */; settings = {ATTRIBUTES = (Public, ); }; };
		4E62D57724EC28AE00F8BAA0 /* Configurable.swift in Sources */ = {isa = PBXBuildFile; fileRef = 4E62D57624EC28AE00F8BAA0 /* Configurable.swift */; };
		4E62D57924EC28D300F8BAA0 /* NibView.swift in Sources */ = {isa = PBXBuildFile; fileRef = 4E62D57824EC28D300F8BAA0 /* NibView.swift */; };
		4E62D57B24EC28F100F8BAA0 /* Pageable.swift in Sources */ = {isa = PBXBuildFile; fileRef = 4E62D57A24EC28F100F8BAA0 /* Pageable.swift */; };
		4E62D57D24EC291400F8BAA0 /* ReusableView.swift in Sources */ = {isa = PBXBuildFile; fileRef = 4E62D57C24EC291400F8BAA0 /* ReusableView.swift */; };
		4E62D57F24EC293600F8BAA0 /* ModelType.swift in Sources */ = {isa = PBXBuildFile; fileRef = 4E62D57E24EC293600F8BAA0 /* ModelType.swift */; };
		4E62D58124EC295E00F8BAA0 /* UICollectionView+Ex.swift in Sources */ = {isa = PBXBuildFile; fileRef = 4E62D58024EC295E00F8BAA0 /* UICollectionView+Ex.swift */; };
		4E62D58324EC299C00F8BAA0 /* UITableView+Ex.swift in Sources */ = {isa = PBXBuildFile; fileRef = 4E62D58224EC299C00F8BAA0 /* UITableView+Ex.swift */; };
/* End PBXBuildFile section */

/* Begin PBXContainerItemProxy section */
		4E62D5E524EC3C0A00F8BAA0 /* PBXContainerItemProxy */ = {
			isa = PBXContainerItemProxy;
			containerPortal = 4E62D5E124EC3C0A00F8BAA0 /* YLExtensions-Demo.xcodeproj */;
			proxyType = 2;
			remoteGlobalIDString = 4E62D58D24EC2A8700F8BAA0;
			remoteInfo = "YLExtensions-Demo";
		};
/* End PBXContainerItemProxy section */

/* Begin PBXFileReference section */
		4E62D56A24EC280300F8BAA0 /* YLExtensions.framework */ = {isa = PBXFileReference; explicitFileType = wrapper.framework; includeInIndex = 0; path = YLExtensions.framework; sourceTree = BUILT_PRODUCTS_DIR; };
		4E62D56D24EC280300F8BAA0 /* YLExtensions.h */ = {isa = PBXFileReference; lastKnownFileType = sourcecode.c.h; path = YLExtensions.h; sourceTree = "<group>"; };
		4E62D56E24EC280300F8BAA0 /* Info.plist */ = {isa = PBXFileReference; lastKnownFileType = text.plist.xml; path = Info.plist; sourceTree = "<group>"; };
		4E62D57624EC28AE00F8BAA0 /* Configurable.swift */ = {isa = PBXFileReference; lastKnownFileType = sourcecode.swift; path = Configurable.swift; sourceTree = "<group>"; };
		4E62D57824EC28D300F8BAA0 /* NibView.swift */ = {isa = PBXFileReference; lastKnownFileType = sourcecode.swift; path = NibView.swift; sourceTree = "<group>"; };
		4E62D57A24EC28F100F8BAA0 /* Pageable.swift */ = {isa = PBXFileReference; lastKnownFileType = sourcecode.swift; path = Pageable.swift; sourceTree = "<group>"; };
		4E62D57C24EC291400F8BAA0 /* ReusableView.swift */ = {isa = PBXFileReference; lastKnownFileType = sourcecode.swift; path = ReusableView.swift; sourceTree = "<group>"; };
		4E62D57E24EC293600F8BAA0 /* ModelType.swift */ = {isa = PBXFileReference; lastKnownFileType = sourcecode.swift; path = ModelType.swift; sourceTree = "<group>"; };
		4E62D58024EC295E00F8BAA0 /* UICollectionView+Ex.swift */ = {isa = PBXFileReference; lastKnownFileType = sourcecode.swift; path = "UICollectionView+Ex.swift"; sourceTree = "<group>"; };
		4E62D58224EC299C00F8BAA0 /* UITableView+Ex.swift */ = {isa = PBXFileReference; lastKnownFileType = sourcecode.swift; path = "UITableView+Ex.swift"; sourceTree = "<group>"; };
		4E62D5E124EC3C0A00F8BAA0 /* YLExtensions-Demo.xcodeproj */ = {isa = PBXFileReference; lastKnownFileType = "wrapper.pb-project"; name = "YLExtensions-Demo.xcodeproj"; path = "Demo/YLExtensions-Demo.xcodeproj"; sourceTree = "<group>"; };
/* End PBXFileReference section */

/* Begin PBXFrameworksBuildPhase section */
		4E62D56724EC280300F8BAA0 /* Frameworks */ = {
			isa = PBXFrameworksBuildPhase;
			buildActionMask = 2147483647;
			files = (
			);
			runOnlyForDeploymentPostprocessing = 0;
		};
/* End PBXFrameworksBuildPhase section */

/* Begin PBXGroup section */
		4E62D56024EC280200F8BAA0 = {
			isa = PBXGroup;
			children = (
				4E62D5E124EC3C0A00F8BAA0 /* YLExtensions-Demo.xcodeproj */,
				4E62D56C24EC280300F8BAA0 /* Sources */,
				4E62D56B24EC280300F8BAA0 /* Products */,
			);
			sourceTree = "<group>";
		};
		4E62D56B24EC280300F8BAA0 /* Products */ = {
			isa = PBXGroup;
			children = (
				4E62D56A24EC280300F8BAA0 /* YLExtensions.framework */,
			);
			name = Products;
			sourceTree = "<group>";
		};
		4E62D56C24EC280300F8BAA0 /* Sources */ = {
			isa = PBXGroup;
			children = (
				4E62D56D24EC280300F8BAA0 /* YLExtensions.h */,
				4E62D56E24EC280300F8BAA0 /* Info.plist */,
				4E62D57624EC28AE00F8BAA0 /* Configurable.swift */,
				4E62D57824EC28D300F8BAA0 /* NibView.swift */,
				4E62D57A24EC28F100F8BAA0 /* Pageable.swift */,
				4E62D57C24EC291400F8BAA0 /* ReusableView.swift */,
				4E62D57E24EC293600F8BAA0 /* ModelType.swift */,
				4E62D58024EC295E00F8BAA0 /* UICollectionView+Ex.swift */,
				4E62D58224EC299C00F8BAA0 /* UITableView+Ex.swift */,
			);
			path = Sources;
			sourceTree = "<group>";
		};
		4E62D5E224EC3C0A00F8BAA0 /* Products */ = {
			isa = PBXGroup;
			children = (
				4E62D5E624EC3C0A00F8BAA0 /* YLExtensions-Demo.app */,
			);
			name = Products;
			sourceTree = "<group>";
		};
/* End PBXGroup section */

/* Begin PBXHeadersBuildPhase section */
		4E62D56524EC280300F8BAA0 /* Headers */ = {
			isa = PBXHeadersBuildPhase;
			buildActionMask = 2147483647;
			files = (
				4E62D56F24EC280300F8BAA0 /* YLExtensions.h in Headers */,
			);
			runOnlyForDeploymentPostprocessing = 0;
		};
/* End PBXHeadersBuildPhase section */

/* Begin PBXNativeTarget section */
		4E62D56924EC280300F8BAA0 /* YLExtensions */ = {
			isa = PBXNativeTarget;
			buildConfigurationList = 4E62D57224EC280300F8BAA0 /* Build configuration list for PBXNativeTarget "YLExtensions" */;
			buildPhases = (
				4E62D56524EC280300F8BAA0 /* Headers */,
				4E62D56624EC280300F8BAA0 /* Sources */,
				4E62D56724EC280300F8BAA0 /* Frameworks */,
				4E62D56824EC280300F8BAA0 /* Resources */,
			);
			buildRules = (
			);
			dependencies = (
			);
			name = YLExtensions;
			productName = YLExtensions;
			productReference = 4E62D56A24EC280300F8BAA0 /* YLExtensions.framework */;
			productType = "com.apple.product-type.framework";
		};
/* End PBXNativeTarget section */

/* Begin PBXProject section */
		4E62D56124EC280200F8BAA0 /* Project object */ = {
			isa = PBXProject;
			attributes = {
				LastUpgradeCheck = 1200;
				TargetAttributes = {
					4E62D56924EC280300F8BAA0 = {
						CreatedOnToolsVersion = 12.0;
						LastSwiftMigration = 1200;
					};
				};
			};
			buildConfigurationList = 4E62D56424EC280200F8BAA0 /* Build configuration list for PBXProject "YLExtensions" */;
			compatibilityVersion = "Xcode 9.3";
			developmentRegion = en;
			hasScannedForEncodings = 0;
			knownRegions = (
				en,
				Base,
			);
			mainGroup = 4E62D56024EC280200F8BAA0;
			productRefGroup = 4E62D56B24EC280300F8BAA0 /* Products */;
			projectDirPath = "";
			projectReferences = (
				{
					ProductGroup = 4E62D5E224EC3C0A00F8BAA0 /* Products */;
					ProjectRef = 4E62D5E124EC3C0A00F8BAA0 /* YLExtensions-Demo.xcodeproj */;
				},
			);
			projectRoot = "";
			targets = (
				4E62D56924EC280300F8BAA0 /* YLExtensions */,
			);
		};
/* End PBXProject section */

/* Begin PBXReferenceProxy section */
		4E62D5E624EC3C0A00F8BAA0 /* YLExtensions-Demo.app */ = {
			isa = PBXReferenceProxy;
			fileType = wrapper.application;
			path = "YLExtensions-Demo.app";
			remoteRef = 4E62D5E524EC3C0A00F8BAA0 /* PBXContainerItemProxy */;
			sourceTree = BUILT_PRODUCTS_DIR;
		};
/* End PBXReferenceProxy section */

/* Begin PBXResourcesBuildPhase section */
		4E62D56824EC280300F8BAA0 /* Resources */ = {
			isa = PBXResourcesBuildPhase;
			buildActionMask = 2147483647;
			files = (
			);
			runOnlyForDeploymentPostprocessing = 0;
		};
/* End PBXResourcesBuildPhase section */

/* Begin PBXSourcesBuildPhase section */
		4E62D56624EC280300F8BAA0 /* Sources */ = {
			isa = PBXSourcesBuildPhase;
			buildActionMask = 2147483647;
			files = (
				4E62D57B24EC28F100F8BAA0 /* Pageable.swift in Sources */,
				4E62D57F24EC293600F8BAA0 /* ModelType.swift in Sources */,
				4E62D58324EC299C00F8BAA0 /* UITableView+Ex.swift in Sources */,
				4E62D57924EC28D300F8BAA0 /* NibView.swift in Sources */,
				4E62D57724EC28AE00F8BAA0 /* Configurable.swift in Sources */,
				4E62D57D24EC291400F8BAA0 /* ReusableView.swift in Sources */,
				4E62D58124EC295E00F8BAA0 /* UICollectionView+Ex.swift in Sources */,
			);
			runOnlyForDeploymentPostprocessing = 0;
		};
/* End PBXSourcesBuildPhase section */

/* Begin XCBuildConfiguration section */
		4E62D57024EC280300F8BAA0 /* Debug */ = {
			isa = XCBuildConfiguration;
			buildSettings = {
				ALWAYS_SEARCH_USER_PATHS = NO;
				CLANG_ANALYZER_NONNULL = YES;
				CLANG_ANALYZER_NUMBER_OBJECT_CONVERSION = YES_AGGRESSIVE;
				CLANG_CXX_LANGUAGE_STANDARD = "gnu++14";
				CLANG_CXX_LIBRARY = "libc++";
				CLANG_ENABLE_MODULES = YES;
				CLANG_ENABLE_OBJC_ARC = YES;
				CLANG_ENABLE_OBJC_WEAK = YES;
				CLANG_WARN_BLOCK_CAPTURE_AUTORELEASING = YES;
				CLANG_WARN_BOOL_CONVERSION = YES;
				CLANG_WARN_COMMA = YES;
				CLANG_WARN_CONSTANT_CONVERSION = YES;
				CLANG_WARN_DEPRECATED_OBJC_IMPLEMENTATIONS = YES;
				CLANG_WARN_DIRECT_OBJC_ISA_USAGE = YES_ERROR;
				CLANG_WARN_DOCUMENTATION_COMMENTS = YES;
				CLANG_WARN_EMPTY_BODY = YES;
				CLANG_WARN_ENUM_CONVERSION = YES;
				CLANG_WARN_INFINITE_RECURSION = YES;
				CLANG_WARN_INT_CONVERSION = YES;
				CLANG_WARN_NON_LITERAL_NULL_CONVERSION = YES;
				CLANG_WARN_OBJC_IMPLICIT_RETAIN_SELF = YES;
				CLANG_WARN_OBJC_LITERAL_CONVERSION = YES;
				CLANG_WARN_OBJC_ROOT_CLASS = YES_ERROR;
				CLANG_WARN_QUOTED_INCLUDE_IN_FRAMEWORK_HEADER = YES;
				CLANG_WARN_RANGE_LOOP_ANALYSIS = YES;
				CLANG_WARN_STRICT_PROTOTYPES = YES;
				CLANG_WARN_SUSPICIOUS_MOVE = YES;
				CLANG_WARN_UNGUARDED_AVAILABILITY = YES_AGGRESSIVE;
				CLANG_WARN_UNREACHABLE_CODE = YES;
				CLANG_WARN__DUPLICATE_METHOD_MATCH = YES;
				COPY_PHASE_STRIP = NO;
				CURRENT_PROJECT_VERSION = 1;
				DEBUG_INFORMATION_FORMAT = dwarf;
				ENABLE_STRICT_OBJC_MSGSEND = YES;
				ENABLE_TESTABILITY = YES;
				GCC_C_LANGUAGE_STANDARD = gnu11;
				GCC_DYNAMIC_NO_PIC = NO;
				GCC_NO_COMMON_BLOCKS = YES;
				GCC_OPTIMIZATION_LEVEL = 0;
				GCC_PREPROCESSOR_DEFINITIONS = (
					"DEBUG=1",
					"$(inherited)",
				);
				GCC_WARN_64_TO_32_BIT_CONVERSION = YES;
				GCC_WARN_ABOUT_RETURN_TYPE = YES_ERROR;
				GCC_WARN_UNDECLARED_SELECTOR = YES;
				GCC_WARN_UNINITIALIZED_AUTOS = YES_AGGRESSIVE;
				GCC_WARN_UNUSED_FUNCTION = YES;
				GCC_WARN_UNUSED_VARIABLE = YES;
				IPHONEOS_DEPLOYMENT_TARGET = 14.0;
				MTL_ENABLE_DEBUG_INFO = INCLUDE_SOURCE;
				MTL_FAST_MATH = YES;
				ONLY_ACTIVE_ARCH = YES;
				SDKROOT = iphoneos;
				SWIFT_ACTIVE_COMPILATION_CONDITIONS = DEBUG;
				SWIFT_OPTIMIZATION_LEVEL = "-Onone";
				VERSIONING_SYSTEM = "apple-generic";
				VERSION_INFO_PREFIX = "";
			};
			name = Debug;
		};
		4E62D57124EC280300F8BAA0 /* Release */ = {
			isa = XCBuildConfiguration;
			buildSettings = {
				ALWAYS_SEARCH_USER_PATHS = NO;
				CLANG_ANALYZER_NONNULL = YES;
				CLANG_ANALYZER_NUMBER_OBJECT_CONVERSION = YES_AGGRESSIVE;
				CLANG_CXX_LANGUAGE_STANDARD = "gnu++14";
				CLANG_CXX_LIBRARY = "libc++";
				CLANG_ENABLE_MODULES = YES;
				CLANG_ENABLE_OBJC_ARC = YES;
				CLANG_ENABLE_OBJC_WEAK = YES;
				CLANG_WARN_BLOCK_CAPTURE_AUTORELEASING = YES;
				CLANG_WARN_BOOL_CONVERSION = YES;
				CLANG_WARN_COMMA = YES;
				CLANG_WARN_CONSTANT_CONVERSION = YES;
				CLANG_WARN_DEPRECATED_OBJC_IMPLEMENTATIONS = YES;
				CLANG_WARN_DIRECT_OBJC_ISA_USAGE = YES_ERROR;
				CLANG_WARN_DOCUMENTATION_COMMENTS = YES;
				CLANG_WARN_EMPTY_BODY = YES;
				CLANG_WARN_ENUM_CONVERSION = YES;
				CLANG_WARN_INFINITE_RECURSION = YES;
				CLANG_WARN_INT_CONVERSION = YES;
				CLANG_WARN_NON_LITERAL_NULL_CONVERSION = YES;
				CLANG_WARN_OBJC_IMPLICIT_RETAIN_SELF = YES;
				CLANG_WARN_OBJC_LITERAL_CONVERSION = YES;
				CLANG_WARN_OBJC_ROOT_CLASS = YES_ERROR;
				CLANG_WARN_QUOTED_INCLUDE_IN_FRAMEWORK_HEADER = YES;
				CLANG_WARN_RANGE_LOOP_ANALYSIS = YES;
				CLANG_WARN_STRICT_PROTOTYPES = YES;
				CLANG_WARN_SUSPICIOUS_MOVE = YES;
				CLANG_WARN_UNGUARDED_AVAILABILITY = YES_AGGRESSIVE;
				CLANG_WARN_UNREACHABLE_CODE = YES;
				CLANG_WARN__DUPLICATE_METHOD_MATCH = YES;
				COPY_PHASE_STRIP = NO;
				CURRENT_PROJECT_VERSION = 1;
				DEBUG_INFORMATION_FORMAT = "dwarf-with-dsym";
				ENABLE_NS_ASSERTIONS = NO;
				ENABLE_STRICT_OBJC_MSGSEND = YES;
				GCC_C_LANGUAGE_STANDARD = gnu11;
				GCC_NO_COMMON_BLOCKS = YES;
				GCC_WARN_64_TO_32_BIT_CONVERSION = YES;
				GCC_WARN_ABOUT_RETURN_TYPE = YES_ERROR;
				GCC_WARN_UNDECLARED_SELECTOR = YES;
				GCC_WARN_UNINITIALIZED_AUTOS = YES_AGGRESSIVE;
				GCC_WARN_UNUSED_FUNCTION = YES;
				GCC_WARN_UNUSED_VARIABLE = YES;
				IPHONEOS_DEPLOYMENT_TARGET = 14.0;
				MTL_ENABLE_DEBUG_INFO = NO;
				MTL_FAST_MATH = YES;
				SDKROOT = iphoneos;
				SWIFT_COMPILATION_MODE = wholemodule;
				SWIFT_OPTIMIZATION_LEVEL = "-O";
				VALIDATE_PRODUCT = YES;
				VERSIONING_SYSTEM = "apple-generic";
				VERSION_INFO_PREFIX = "";
			};
			name = Release;
		};
		4E62D57324EC280300F8BAA0 /* Debug */ = {
			isa = XCBuildConfiguration;
			buildSettings = {
				CLANG_ENABLE_MODULES = YES;
				CODE_SIGN_STYLE = Automatic;
				DEFINES_MODULE = YES;
				DEVELOPMENT_TEAM = 3BVDP23RF2;
				DYLIB_COMPATIBILITY_VERSION = 1;
				DYLIB_CURRENT_VERSION = 1;
				DYLIB_INSTALL_NAME_BASE = "@rpath";
				INFOPLIST_FILE = Sources/Info.plist;
				INSTALL_PATH = "$(LOCAL_LIBRARY_DIR)/Frameworks";
				IPHONEOS_DEPLOYMENT_TARGET = 13.0;
				LD_RUNPATH_SEARCH_PATHS = (
					"$(inherited)",
					"@executable_path/Frameworks",
					"@loader_path/Frameworks",
				);
				MARKETING_VERSION = 1.0.0;
				PRODUCT_BUNDLE_IDENTIFIER = "Yu-Lei-Fu-Yun.YLExtensions";
				PRODUCT_NAME = "$(TARGET_NAME:c99extidentifier)";
				SKIP_INSTALL = YES;
				SWIFT_OPTIMIZATION_LEVEL = "-Onone";
				SWIFT_VERSION = 5.0;
				TARGETED_DEVICE_FAMILY = "1,2";
			};
			name = Debug;
		};
		4E62D57424EC280300F8BAA0 /* Release */ = {
			isa = XCBuildConfiguration;
			buildSettings = {
				CLANG_ENABLE_MODULES = YES;
				CODE_SIGN_STYLE = Automatic;
				DEFINES_MODULE = YES;
				DEVELOPMENT_TEAM = 3BVDP23RF2;
				DYLIB_COMPATIBILITY_VERSION = 1;
				DYLIB_CURRENT_VERSION = 1;
				DYLIB_INSTALL_NAME_BASE = "@rpath";
				INFOPLIST_FILE = Sources/Info.plist;
				INSTALL_PATH = "$(LOCAL_LIBRARY_DIR)/Frameworks";
				IPHONEOS_DEPLOYMENT_TARGET = 13.0;
				LD_RUNPATH_SEARCH_PATHS = (
					"$(inherited)",
					"@executable_path/Frameworks",
					"@loader_path/Frameworks",
				);
				MARKETING_VERSION = 1.0.0;
				PRODUCT_BUNDLE_IDENTIFIER = "Yu-Lei-Fu-Yun.YLExtensions";
				PRODUCT_NAME = "$(TARGET_NAME:c99extidentifier)";
				SKIP_INSTALL = YES;
				SWIFT_VERSION = 5.0;
				TARGETED_DEVICE_FAMILY = "1,2";
			};
			name = Release;
		};
/* End XCBuildConfiguration section */

/* Begin XCConfigurationList section */
		4E62D56424EC280200F8BAA0 /* Build configuration list for PBXProject "YLExtensions" */ = {
			isa = XCConfigurationList;
			buildConfigurations = (
				4E62D57024EC280300F8BAA0 /* Debug */,
				4E62D57124EC280300F8BAA0 /* Release */,
			);
			defaultConfigurationIsVisible = 0;
			defaultConfigurationName = Release;
		};
		4E62D57224EC280300F8BAA0 /* Build configuration list for PBXNativeTarget "YLExtensions" */ = {
			isa = XCConfigurationList;
			buildConfigurations = (
				4E62D57324EC280300F8BAA0 /* Debug */,
				4E62D57424EC280300F8BAA0 /* Release */,
			);
			defaultConfigurationIsVisible = 0;
			defaultConfigurationName = Release;
		};
/* End XCConfigurationList section */
	};
	rootObject = 4E62D56124EC280200F8BAA0 /* Project object */;
}
